// !$*UTF8*$!
{
	archiveVersion = 1;
	classes = {
	};
	objectVersion = 46;
	objects = {

/* Begin PBXBuildFile section */
		B8D483A71E2C2F98007F013C /* AppDelegate.swift in Sources */ = {isa = PBXBuildFile; fileRef = B8D483A61E2C2F98007F013C /* AppDelegate.swift */; };
		B8D483A91E2C2F98007F013C /* ViewController.swift in Sources */ = {isa = PBXBuildFile; fileRef = B8D483A81E2C2F98007F013C /* ViewController.swift */; };
		B8D483AC1E2C2F98007F013C /* Main.storyboard in Resources */ = {isa = PBXBuildFile; fileRef = B8D483AA1E2C2F98007F013C /* Main.storyboard */; };
		B8D483AE1E2C2F98007F013C /* Assets.xcassets in Resources */ = {isa = PBXBuildFile; fileRef = B8D483AD1E2C2F98007F013C /* Assets.xcassets */; };
		B8D483B11E2C2F98007F013C /* LaunchScreen.storyboard in Resources */ = {isa = PBXBuildFile; fileRef = B8D483AF1E2C2F98007F013C /* LaunchScreen.storyboard */; };
		B8D483BC1E2C2F98007F013C /* Chuck_taylor_StoreTests.swift in Sources */ = {isa = PBXBuildFile; fileRef = B8D483BB1E2C2F98007F013C /* Chuck_taylor_StoreTests.swift */; };
		B8D483C71E2C2F98007F013C /* Chuck_taylor_StoreUITests.swift in Sources */ = {isa = PBXBuildFile; fileRef = B8D483C61E2C2F98007F013C /* Chuck_taylor_StoreUITests.swift */; };
/* End PBXBuildFile section */

/* Begin PBXContainerItemProxy section */
		B8D483B81E2C2F98007F013C /* PBXContainerItemProxy */ = {
			isa = PBXContainerItemProxy;
			containerPortal = B8D4839B1E2C2F98007F013C /* Project object */;
			proxyType = 1;
			remoteGlobalIDString = B8D483A21E2C2F98007F013C;
			remoteInfo = "Chuck taylor Store";
		};
		B8D483C31E2C2F98007F013C /* PBXContainerItemProxy */ = {
			isa = PBXContainerItemProxy;
			containerPortal = B8D4839B1E2C2F98007F013C /* Project object */;
			proxyType = 1;
			remoteGlobalIDString = B8D483A21E2C2F98007F013C;
			remoteInfo = "Chuck taylor Store";
		};
/* End PBXContainerItemProxy section */

/* Begin PBXFileReference section */
		B8D483A31E2C2F98007F013C /* Chuck taylor Store.app */ = {isa = PBXFileReference; explicitFileType = wrapper.application; includeInIndex = 0; path = "Chuck taylor Store.app"; sourceTree = BUILT_PRODUCTS_DIR; };
		B8D483A61E2C2F98007F013C /* AppDelegate.swift */ = {isa = PBXFileReference; lastKnownFileType = sourcecode.swift; path = AppDelegate.swift; sourceTree = "<group>"; };
		B8D483A81E2C2F98007F013C /* ViewController.swift */ = {isa = PBXFileReference; lastKnownFileType = sourcecode.swift; path = ViewController.swift; sourceTree = "<group>"; };
		B8D483AB1E2C2F98007F013C /* Base */ = {isa = PBXFileReference; lastKnownFileType = file.storyboard; name = Base; path = Base.lproj/Main.storyboard; sourceTree = "<group>"; };
		B8D483AD1E2C2F98007F013C /* Assets.xcassets */ = {isa = PBXFileReference; lastKnownFileType = folder.assetcatalog; path = Assets.xcassets; sourceTree = "<group>"; };
		B8D483B01E2C2F98007F013C /* Base */ = {isa = PBXFileReference; lastKnownFileType = file.storyboard; name = Base; path = Base.lproj/LaunchScreen.storyboard; sourceTree = "<group>"; };
		B8D483B21E2C2F98007F013C /* Info.plist */ = {isa = PBXFileReference; lastKnownFileType = text.plist.xml; path = Info.plist; sourceTree = "<group>"; };
		B8D483B71E2C2F98007F013C /* Chuck taylor StoreTests.xctest */ = {isa = PBXFileReference; explicitFileType = wrapper.cfbundle; includeInIndex = 0; path = "Chuck taylor StoreTests.xctest"; sourceTree = BUILT_PRODUCTS_DIR; };
		B8D483BB1E2C2F98007F013C /* Chuck_taylor_StoreTests.swift */ = {isa = PBXFileReference; lastKnownFileType = sourcecode.swift; path = Chuck_taylor_StoreTests.swift; sourceTree = "<group>"; };
		B8D483BD1E2C2F98007F013C /* Info.plist */ = {isa = PBXFileReference; lastKnownFileType = text.plist.xml; path = Info.plist; sourceTree = "<group>"; };
		B8D483C21E2C2F98007F013C /* Chuck taylor StoreUITests.xctest */ = {isa = PBXFileReference; explicitFileType = wrapper.cfbundle; includeInIndex = 0; path = "Chuck taylor StoreUITests.xctest"; sourceTree = BUILT_PRODUCTS_DIR; };
		B8D483C61E2C2F98007F013C /* Chuck_taylor_StoreUITests.swift */ = {isa = PBXFileReference; lastKnownFileType = sourcecode.swift; path = Chuck_taylor_StoreUITests.swift; sourceTree = "<group>"; };
		B8D483C81E2C2F98007F013C /* Info.plist */ = {isa = PBXFileReference; lastKnownFileType = text.plist.xml; path = Info.plist; sourceTree = "<group>"; };
/* End PBXFileReference section */

/* Begin PBXFrameworksBuildPhase section */
		B8D483A01E2C2F98007F013C /* Frameworks */ = {
			isa = PBXFrameworksBuildPhase;
			buildActionMask = 2147483647;
			files = (
			);
			runOnlyForDeploymentPostprocessing = 0;
		};
		B8D483B41E2C2F98007F013C /* Frameworks */ = {
			isa = PBXFrameworksBuildPhase;
			buildActionMask = 2147483647;
			files = (
			);
			runOnlyForDeploymentPostprocessing = 0;
		};
		B8D483BF1E2C2F98007F013C /* Frameworks */ = {
			isa = PBXFrameworksBuildPhase;
			buildActionMask = 2147483647;
			files = (
			);
			runOnlyForDeploymentPostprocessing = 0;
		};
/* End PBXFrameworksBuildPhase section */

/* Begin PBXGroup section */
		B8D4839A1E2C2F98007F013C = {
			isa = PBXGroup;
			children = (
				B8D483A51E2C2F98007F013C /* Chuck taylor Store */,
				B8D483BA1E2C2F98007F013C /* Chuck taylor StoreTests */,
				B8D483C51E2C2F98007F013C /* Chuck taylor StoreUITests */,
				B8D483A41E2C2F98007F013C /* Products */,
			);
			sourceTree = "<group>";
		};
		B8D483A41E2C2F98007F013C /* Products */ = {
			isa = PBXGroup;
			children = (
				B8D483A31E2C2F98007F013C /* Chuck taylor Store.app */,
				B8D483B71E2C2F98007F013C /* Chuck taylor StoreTests.xctest */,
				B8D483C21E2C2F98007F013C /* Chuck taylor StoreUITests.xctest */,
			);
			name = Products;
			sourceTree = "<group>";
		};
		B8D483A51E2C2F98007F013C /* Chuck taylor Store */ = {
			isa = PBXGroup;
			children = (
				B8D483A61E2C2F98007F013C /* AppDelegate.swift */,
				B8D483A81E2C2F98007F013C /* ViewController.swift */,
				B8D483AA1E2C2F98007F013C /* Main.storyboard */,
				B8D483AD1E2C2F98007F013C /* Assets.xcassets */,
				B8D483AF1E2C2F98007F013C /* LaunchScreen.storyboard */,
				B8D483B21E2C2F98007F013C /* Info.plist */,
			);
			path = "Chuck taylor Store";
			sourceTree = "<group>";
		};
		B8D483BA1E2C2F98007F013C /* Chuck taylor StoreTests */ = {
			isa = PBXGroup;
			children = (
				B8D483BB1E2C2F98007F013C /* Chuck_taylor_StoreTests.swift */,
				B8D483BD1E2C2F98007F013C /* Info.plist */,
			);
			path = "Chuck taylor StoreTests";
			sourceTree = "<group>";
		};
		B8D483C51E2C2F98007F013C /* Chuck taylor StoreUITests */ = {
			isa = PBXGroup;
			children = (
				B8D483C61E2C2F98007F013C /* Chuck_taylor_StoreUITests.swift */,
				B8D483C81E2C2F98007F013C /* Info.plist */,
			);
			path = "Chuck taylor StoreUITests";
			sourceTree = "<group>";
		};
/* End PBXGroup section */

/* Begin PBXNativeTarget section */
		B8D483A21E2C2F98007F013C /* Chuck taylor Store */ = {
			isa = PBXNativeTarget;
			buildConfigurationList = B8D483CB1E2C2F98007F013C /* Build configuration list for PBXNativeTarget "Chuck taylor Store" */;
			buildPhases = (
				B8D4839F1E2C2F98007F013C /* Sources */,
				B8D483A01E2C2F98007F013C /* Frameworks */,
				B8D483A11E2C2F98007F013C /* Resources */,
			);
			buildRules = (
			);
			dependencies = (
			);
			name = "Chuck taylor Store";
			productName = "Chuck taylor Store";
			productReference = B8D483A31E2C2F98007F013C /* Chuck taylor Store.app */;
			productType = "com.apple.product-type.application";
		};
		B8D483B61E2C2F98007F013C /* Chuck taylor StoreTests */ = {
			isa = PBXNativeTarget;
			buildConfigurationList = B8D483CE1E2C2F98007F013C /* Build configuration list for PBXNativeTarget "Chuck taylor StoreTests" */;
			buildPhases = (
				B8D483B31E2C2F98007F013C /* Sources */,
				B8D483B41E2C2F98007F013C /* Frameworks */,
				B8D483B51E2C2F98007F013C /* Resources */,
			);
			buildRules = (
			);
			dependencies = (
				B8D483B91E2C2F98007F013C /* PBXTargetDependency */,
			);
			name = "Chuck taylor StoreTests";
			productName = "Chuck taylor StoreTests";
			productReference = B8D483B71E2C2F98007F013C /* Chuck taylor StoreTests.xctest */;
			productType = "com.apple.product-type.bundle.unit-test";
		};
		B8D483C11E2C2F98007F013C /* Chuck taylor StoreUITests */ = {
			isa = PBXNativeTarget;
			buildConfigurationList = B8D483D11E2C2F98007F013C /* Build configuration list for PBXNativeTarget "Chuck taylor StoreUITests" */;
			buildPhases = (
				B8D483BE1E2C2F98007F013C /* Sources */,
				B8D483BF1E2C2F98007F013C /* Frameworks */,
				B8D483C01E2C2F98007F013C /* Resources */,
			);
			buildRules = (
			);
			dependencies = (
				B8D483C41E2C2F98007F013C /* PBXTargetDependency */,
			);
			name = "Chuck taylor StoreUITests";
			productName = "Chuck taylor StoreUITests";
			productReference = B8D483C21E2C2F98007F013C /* Chuck taylor StoreUITests.xctest */;
			productType = "com.apple.product-type.bundle.ui-testing";
		};
/* End PBXNativeTarget section */

/* Begin PBXProject section */
		B8D4839B1E2C2F98007F013C /* Project object */ = {
			isa = PBXProject;
			attributes = {
				LastSwiftUpdateCheck = 0820;
				LastUpgradeCheck = 0820;
				ORGANIZATIONNAME = "Ibrahim Aden";
				TargetAttributes = {
					B8D483A21E2C2F98007F013C = {
						CreatedOnToolsVersion = 8.2.1;
						DevelopmentTeam = AHG2BL4VQZ;
						ProvisioningStyle = Automatic;
					};
					B8D483B61E2C2F98007F013C = {
						CreatedOnToolsVersion = 8.2.1;
						DevelopmentTeam = AHG2BL4VQZ;
						ProvisioningStyle = Automatic;
						TestTargetID = B8D483A21E2C2F98007F013C;
					};
					B8D483C11E2C2F98007F013C = {
						CreatedOnToolsVersion = 8.2.1;
						DevelopmentTeam = AHG2BL4VQZ;
						ProvisioningStyle = Automatic;
						TestTargetID = B8D483A21E2C2F98007F013C;
					};
				};
			};
			buildConfigurationList = B8D4839E1E2C2F98007F013C /* Build configuration list for PBXProject "Chuck taylor Store" */;
			compatibilityVersion = "Xcode 3.2";
			developmentRegion = English;
			hasScannedForEncodings = 0;
			knownRegions = (
				en,
				Base,
			);
			mainGroup = B8D4839A1E2C2F98007F013C;
			productRefGroup = B8D483A41E2C2F98007F013C /* Products */;
			projectDirPath = "";
			projectRoot = "";
			targets = (
				B8D483A21E2C2F98007F013C /* Chuck taylor Store */,
				B8D483B61E2C2F98007F013C /* Chuck taylor StoreTests */,
				B8D483C11E2C2F98007F013C /* Chuck taylor StoreUITests */,
			);
		};
/* End PBXProject section */

/* Begin PBXResourcesBuildPhase section */
		B8D483A11E2C2F98007F013C /* Resources */ = {
			isa = PBXResourcesBuildPhase;
			buildActionMask = 2147483647;
			files = (
				B8D483B11E2C2F98007F013C /* LaunchScreen.storyboard in Resources */,
				B8D483AE1E2C2F98007F013C /* Assets.xcassets in Resources */,
				B8D483AC1E2C2F98007F013C /* Main.storyboard in Resources */,
			);
			runOnlyForDeploymentPostprocessing = 0;
		};
		B8D483B51E2C2F98007F013C /* Resources */ = {
			isa = PBXResourcesBuildPhase;
			buildActionMask = 2147483647;
			files = (
			);
			runOnlyForDeploymentPostprocessing = 0;
		};
		B8D483C01E2C2F98007F013C /* Resources */ = {
			isa = PBXResourcesBuildPhase;
			buildActionMask = 2147483647;
			files = (
			);
			runOnlyForDeploymentPostprocessing = 0;
		};
/* End PBXResourcesBuildPhase section */

/* Begin PBXSourcesBuildPhase section */
		B8D4839F1E2C2F98007F013C /* Sources */ = {
			isa = PBXSourcesBuildPhase;
			buildActionMask = 2147483647;
			files = (
				B8D483A91E2C2F98007F013C /* ViewController.swift in Sources */,
				B8D483A71E2C2F98007F013C /* AppDelegate.swift in Sources */,
			);
			runOnlyForDeploymentPostprocessing = 0;
		};
		B8D483B31E2C2F98007F013C /* Sources */ = {
			isa = PBXSourcesBuildPhase;
			buildActionMask = 2147483647;
			files = (
				B8D483BC1E2C2F98007F013C /* Chuck_taylor_StoreTests.swift in Sources */,
			);
			runOnlyForDeploymentPostprocessing = 0;
		};
		B8D483BE1E2C2F98007F013C /* Sources */ = {
			isa = PBXSourcesBuildPhase;
			buildActionMask = 2147483647;
			files = (
				B8D483C71E2C2F98007F013C /* Chuck_taylor_StoreUITests.swift in Sources */,
			);
			runOnlyForDeploymentPostprocessing = 0;
		};
/* End PBXSourcesBuildPhase section */

/* Begin PBXTargetDependency section */
		B8D483B91E2C2F98007F013C /* PBXTargetDependency */ = {
			isa = PBXTargetDependency;
			target = B8D483A21E2C2F98007F013C /* Chuck taylor Store */;
			targetProxy = B8D483B81E2C2F98007F013C /* PBXContainerItemProxy */;
		};
		B8D483C41E2C2F98007F013C /* PBXTargetDependency */ = {
			isa = PBXTargetDependency;
			target = B8D483A21E2C2F98007F013C /* Chuck taylor Store */;
			targetProxy = B8D483C31E2C2F98007F013C /* PBXContainerItemProxy */;
		};
/* End PBXTargetDependency section */

/* Begin PBXVariantGroup section */
		B8D483AA1E2C2F98007F013C /* Main.storyboard */ = {
			isa = PBXVariantGroup;
			children = (
				B8D483AB1E2C2F98007F013C /* Base */,
			);
			name = Main.storyboard;
			sourceTree = "<group>";
		};
		B8D483AF1E2C2F98007F013C /* LaunchScreen.storyboard */ = {
			isa = PBXVariantGroup;
			children = (
				B8D483B01E2C2F98007F013C /* Base */,
			);
			name = LaunchScreen.storyboard;
			sourceTree = "<group>";
		};
/* End PBXVariantGroup section */

/* Begin XCBuildConfiguration section */
		B8D483C91E2C2F98007F013C /* Debug */ = {
			isa = XCBuildConfiguration;
			buildSettings = {
				ALWAYS_SEARCH_USER_PATHS = NO;
				CLANG_ANALYZER_NONNULL = YES;
				CLANG_CXX_LANGUAGE_STANDARD = "gnu++0x";
				CLANG_CXX_LIBRARY = "libc++";
				CLANG_ENABLE_MODULES = YES;
				CLANG_ENABLE_OBJC_ARC = YES;
				CLANG_WARN_BOOL_CONVERSION = YES;
				CLANG_WARN_CONSTANT_CONVERSION = YES;
				CLANG_WARN_DIRECT_OBJC_ISA_USAGE = YES_ERROR;
				CLANG_WARN_DOCUMENTATION_COMMENTS = YES;
				CLANG_WARN_EMPTY_BODY = YES;
				CLANG_WARN_ENUM_CONVERSION = YES;
				CLANG_WARN_INFINITE_RECURSION = YES;
				CLANG_WARN_INT_CONVERSION = YES;
				CLANG_WARN_OBJC_ROOT_CLASS = YES_ERROR;
				CLANG_WARN_SUSPICIOUS_MOVE = YES;
				CLANG_WARN_UNREACHABLE_CODE = YES;
				CLANG_WARN__DUPLICATE_METHOD_MATCH = YES;
				"CODE_SIGN_IDENTITY[sdk=iphoneos*]" = "iPhone Developer";
				COPY_PHASE_STRIP = NO;
				DEBUG_INFORMATION_FORMAT = dwarf;
				ENABLE_STRICT_OBJC_MSGSEND = YES;
				ENABLE_TESTABILITY = YES;
				GCC_C_LANGUAGE_STANDARD = gnu99;
				GCC_DYNAMIC_NO_PIC = NO;
				GCC_NO_COMMON_BLOCKS = YES;
				GCC_OPTIMIZATION_LEVEL = 0;
				GCC_PREPROCESSOR_DEFINITIONS = (
					"DEBUG=1",
					"$(inherited)",
				);
				GCC_WARN_64_TO_32_BIT_CONVERSION = YES;
				GCC_WARN_ABOUT_RETURN_TYPE = YES_ERROR;
				GCC_WARN_UNDECLARED_SELECTOR = YES;
				GCC_WARN_UNINITIALIZED_AUTOS = YES_AGGRESSIVE;
				GCC_WARN_UNUSED_FUNCTION = YES;
				GCC_WARN_UNUSED_VARIABLE = YES;
				IPHONEOS_DEPLOYMENT_TARGET = 10.2;
				MTL_ENABLE_DEBUG_INFO = YES;
				ONLY_ACTIVE_ARCH = YES;
				SDKROOT = iphoneos;
				SWIFT_ACTIVE_COMPILATION_CONDITIONS = DEBUG;
				SWIFT_OPTIMIZATION_LEVEL = "-Onone";
				TARGETED_DEVICE_FAMILY = "1,2";
			};
			name = Debug;
		};
		B8D483CA1E2C2F98007F013C /* Release */ = {
			isa = XCBuildConfiguration;
			buildSettings = {
				ALWAYS_SEARCH_USER_PATHS = NO;
				CLANG_ANALYZER_NONNULL = YES;
				CLANG_CXX_LANGUAGE_STANDARD = "gnu++0x";
				CLANG_CXX_LIBRARY = "libc++";
				CLANG_ENABLE_MODULES = YES;
				CLANG_ENABLE_OBJC_ARC = YES;
				CLANG_WARN_BOOL_CONVERSION = YES;
				CLANG_WARN_CONSTANT_CONVERSION = YES;
				CLANG_WARN_DIRECT_OBJC_ISA_USAGE = YES_ERROR;
				CLANG_WARN_DOCUMENTATION_COMMENTS = YES;
				CLANG_WARN_EMPTY_BODY = YES;
				CLANG_WARN_ENUM_CONVERSION = YES;
				CLANG_WARN_INFINITE_RECURSION = YES;
				CLANG_WARN_INT_CONVERSION = YES;
				CLANG_WARN_OBJC_ROOT_CLASS = YES_ERROR;
				CLANG_WARN_SUSPICIOUS_MOVE = YES;
				CLANG_WARN_UNREACHABLE_CODE = YES;
				CLANG_WARN__DUPLICATE_METHOD_MATCH = YES;
				"CODE_SIGN_IDENTITY[sdk=iphoneos*]" = "iPhone Developer";
				COPY_PHASE_STRIP = NO;
				DEBUG_INFORMATION_FORMAT = "dwarf-with-dsym";
				ENABLE_NS_ASSERTIONS = NO;
				ENABLE_STRICT_OBJC_MSGSEND = YES;
				GCC_C_LANGUAGE_STANDARD = gnu99;
				GCC_NO_COMMON_BLOCKS = YES;
				GCC_WARN_64_TO_32_BIT_CONVERSION = YES;
				GCC_WARN_ABOUT_RETURN_TYPE = YES_ERROR;
				GCC_WARN_UNDECLARED_SELECTOR = YES;
				GCC_WARN_UNINITIALIZED_AUTOS = YES_AGGRESSIVE;
				GCC_WARN_UNUSED_FUNCTION = YES;
				GCC_WARN_UNUSED_VARIABLE = YES;
				IPHONEOS_DEPLOYMENT_TARGET = 10.2;
				MTL_ENABLE_DEBUG_INFO = NO;
				SDKROOT = iphoneos;
				SWIFT_OPTIMIZATION_LEVEL = "-Owholemodule";
				TARGETED_DEVICE_FAMILY = "1,2";
				VALIDATE_PRODUCT = YES;
			};
			name = Release;
		};
		B8D483CC1E2C2F98007F013C /* Debug */ = {
			isa = XCBuildConfiguration;
			buildSettings = {
				ASSETCATALOG_COMPILER_APPICON_NAME = AppIcon;
				DEVELOPMENT_TEAM = AHG2BL4VQZ;
				INFOPLIST_FILE = "Chuck taylor Store/Info.plist";
				LD_RUNPATH_SEARCH_PATHS = "$(inherited) @executable_path/Frameworks";
				PRODUCT_BUNDLE_IDENTIFIER = "com..Chuck-taylor-Store";
				PRODUCT_NAME = "$(TARGET_NAME)";
				SWIFT_VERSION = 3.0;
			};
			name = Debug;
		};
		B8D483CD1E2C2F98007F013C /* Release */ = {
			isa = XCBuildConfiguration;
			buildSettings = {
				ASSETCATALOG_COMPILER_APPICON_NAME = AppIcon;
				DEVELOPMENT_TEAM = AHG2BL4VQZ;
				INFOPLIST_FILE = "Chuck taylor Store/Info.plist";
				LD_RUNPATH_SEARCH_PATHS = "$(inherited) @executable_path/Frameworks";
				PRODUCT_BUNDLE_IDENTIFIER = "com..Chuck-taylor-Store";
				PRODUCT_NAME = "$(TARGET_NAME)";
				SWIFT_VERSION = 3.0;
			};
			name = Release;
		};
		B8D483CF1E2C2F98007F013C /* Debug */ = {
			isa = XCBuildConfiguration;
			buildSettings = {
				ALWAYS_EMBED_SWIFT_STANDARD_LIBRARIES = YES;
				BUNDLE_LOADER = "$(TEST_HOST)";
				DEVELOPMENT_TEAM = AHG2BL4VQZ;
				INFOPLIST_FILE = "Chuck taylor StoreTests/Info.plist";
				LD_RUNPATH_SEARCH_PATHS = "$(inherited) @executable_path/Frameworks @loader_path/Frameworks";
				PRODUCT_BUNDLE_IDENTIFIER = "com..Chuck-taylor-StoreTests";
				PRODUCT_NAME = "$(TARGET_NAME)";
				SWIFT_VERSION = 3.0;
				TEST_HOST = "$(BUILT_PRODUCTS_DIR)/Chuck taylor Store.app/Chuck taylor Store";
			};
			name = Debug;
		};
		B8D483D01E2C2F98007F013C /* Release */ = {
			isa = XCBuildConfiguration;
			buildSettings = {
				ALWAYS_EMBED_SWIFT_STANDARD_LIBRARIES = YES;
				BUNDLE_LOADER = "$(TEST_HOST)";
				DEVELOPMENT_TEAM = AHG2BL4VQZ;
				INFOPLIST_FILE = "Chuck taylor StoreTests/Info.plist";
				LD_RUNPATH_SEARCH_PATHS = "$(inherited) @executable_path/Frameworks @loader_path/Frameworks";
				PRODUCT_BUNDLE_IDENTIFIER = "com..Chuck-taylor-StoreTests";
				PRODUCT_NAME = "$(TARGET_NAME)";
				SWIFT_VERSION = 3.0;
				TEST_HOST = "$(BUILT_PRODUCTS_DIR)/Chuck taylor Store.app/Chuck taylor Store";
			};
			name = Release;
		};
		B8D483D21E2C2F98007F013C /* Debug */ = {
			isa = XCBuildConfiguration;
			buildSettings = {
				ALWAYS_EMBED_SWIFT_STANDARD_LIBRARIES = YES;
				DEVELOPMENT_TEAM = AHG2BL4VQZ;
				INFOPLIST_FILE = "Chuck taylor StoreUITests/Info.plist";
				LD_RUNPATH_SEARCH_PATHS = "$(inherited) @executable_path/Frameworks @loader_path/Frameworks";
				PRODUCT_BUNDLE_IDENTIFIER = "com..Chuck-taylor-StoreUITests";
				PRODUCT_NAME = "$(TARGET_NAME)";
				SWIFT_VERSION = 3.0;
				TEST_TARGET_NAME = "Chuck taylor Store";
			};
			name = Debug;
		};
		B8D483D31E2C2F98007F013C /* Release */ = {
			isa = XCBuildConfiguration;
			buildSettings = {
				ALWAYS_EMBED_SWIFT_STANDARD_LIBRARIES = YES;
				DEVELOPMENT_TEAM = AHG2BL4VQZ;
				INFOPLIST_FILE = "Chuck taylor StoreUITests/Info.plist";
				LD_RUNPATH_SEARCH_PATHS = "$(inherited) @executable_path/Frameworks @loader_path/Frameworks";
				PRODUCT_BUNDLE_IDENTIFIER = "com..Chuck-taylor-StoreUITests";
				PRODUCT_NAME = "$(TARGET_NAME)";
				SWIFT_VERSION = 3.0;
				TEST_TARGET_NAME = "Chuck taylor Store";
			};
			name = Release;
		};
/* End XCBuildConfiguration section */

/* Begin XCConfigurationList section */
		B8D4839E1E2C2F98007F013C /* Build configuration list for PBXProject "Chuck taylor Store" */ = {
			isa = XCConfigurationList;
			buildConfigurations = (
				B8D483C91E2C2F98007F013C /* Debug */,
				B8D483CA1E2C2F98007F013C /* Release */,
			);
			defaultConfigurationIsVisible = 0;
			defaultConfigurationName = Release;
		};
		B8D483CB1E2C2F98007F013C /* Build configuration list for PBXNativeTarget "Chuck taylor Store" */ = {
			isa = XCConfigurationList;
			buildConfigurations = (
				B8D483CC1E2C2F98007F013C /* Debug */,
				B8D483CD1E2C2F98007F013C /* Release */,
			);
			defaultConfigurationIsVisible = 0;
		};
		B8D483CE1E2C2F98007F013C /* Build configuration list for PBXNativeTarget "Chuck taylor StoreTests" */ = {
			isa = XCConfigurationList;
			buildConfigurations = (
				B8D483CF1E2C2F98007F013C /* Debug */,
				B8D483D01E2C2F98007F013C /* Release */,
			);
			defaultConfigurationIsVisible = 0;
		};
		B8D483D11E2C2F98007F013C /* Build configuration list for PBXNativeTarget "Chuck taylor StoreUITests" */ = {
			isa = XCConfigurationList;
			buildConfigurations = (
				B8D483D21E2C2F98007F013C /* Debug */,
				B8D483D31E2C2F98007F013C /* Release */,
			);
			defaultConfigurationIsVisible = 0;
		};
/* End XCConfigurationList section */
	};
	rootObject = B8D4839B1E2C2F98007F013C /* Project object */;
}
